
Microsoft Visual Studio Solution File, Format Version 12.00
# Visual Studio Version 17
VisualStudioVersion = 17.3.32819.101
MinimumVisualStudioVersion = 10.0.40219.1
Project("{FAE04EC0-301F-11D3-BF4B-00C04F79EFBC}") = "HW4NMcAndrew", "HW4NMcAndrew.csproj", "{D811B490-4DD1-4E3A-9147-29B337C43479}"
EndProject
Global
	GlobalSection(SolutionConfigurationPlatforms) = preSolution
		Debug|Any CPU = Debug|Any CPU
		Release|Any CPU = Release|Any CPU
	EndGlobalSection
	GlobalSection(ProjectConfigurationPlatforms) = postSolution
		{D811B490-4DD1-4E3A-9147-29B337C43479}.Debug|Any CPU.ActiveCfg = Debug|Any CPU
		{D811B490-4DD1-4E3A-9147-29B337C43479}.Debug|Any CPU.Build.0 = Debug|Any CPU
		{D811B490-4DD1-4E3A-9147-29B337C43479}.Release|Any CPU.ActiveCfg = Release|Any CPU
		{D811B490-4DD1-4E3A-9147-29B337C43479}.Release|Any CPU.Build.0 = Release|Any CPU
	EndGlobalSection
	GlobalSection(SolutionProperties) = preSolution
		HideSolutionNode = FALSE
	EndGlobalSection
	GlobalSection(ExtensibilityGlobals) = postSolution
		SolutionGuid = {CE28ED1E-150B-4190-B1AF-A91477E7A165}
	EndGlobalSection
EndGlobal
