
Microsoft Visual Studio Solution File, Format Version 12.00
# Visual Studio Version 17
VisualStudioVersion = 17.3.32819.101
MinimumVisualStudioVersion = 10.0.40219.1
Project("{FAE04EC0-301F-11D3-BF4B-00C04F79EFBC}") = "WorkWithFiles", "WorkWithFiles.csproj", "{CDCE9353-DAC0-4EEC-A8CB-64296939B80D}"
EndProject
Global
	GlobalSection(SolutionConfigurationPlatforms) = preSolution
		Debug|Any CPU = Debug|Any CPU
		Release|Any CPU = Release|Any CPU
	EndGlobalSection
	GlobalSection(ProjectConfigurationPlatforms) = postSolution
		{CDCE9353-DAC0-4EEC-A8CB-64296939B80D}.Debug|Any CPU.ActiveCfg = Debug|Any CPU
		{CDCE9353-DAC0-4EEC-A8CB-64296939B80D}.Debug|Any CPU.Build.0 = Debug|Any CPU
		{CDCE9353-DAC0-4EEC-A8CB-64296939B80D}.Release|Any CPU.ActiveCfg = Release|Any CPU
		{CDCE9353-DAC0-4EEC-A8CB-64296939B80D}.Release|Any CPU.Build.0 = Release|Any CPU
	EndGlobalSection
	GlobalSection(SolutionProperties) = preSolution
		HideSolutionNode = FALSE
	EndGlobalSection
	GlobalSection(ExtensibilityGlobals) = postSolution
		SolutionGuid = {B2B6D95F-56BF-4002-884F-59775EEFBFE6}
	EndGlobalSection
EndGlobal
