
Microsoft Visual Studio Solution File, Format Version 12.00
# Visual Studio Version 17
VisualStudioVersion = 17.2.32630.192
MinimumVisualStudioVersion = 10.0.40219.1
Project("{FAE04EC0-301F-11D3-BF4B-00C04F79EFBC}") = "InheritancePE", "InheritancePE.csproj", "{8EEAA634-4C2B-43B7-9E3C-59D6B35F110A}"
EndProject
Global
	GlobalSection(SolutionConfigurationPlatforms) = preSolution
		Debug|Any CPU = Debug|Any CPU
		Release|Any CPU = Release|Any CPU
	EndGlobalSection
	GlobalSection(ProjectConfigurationPlatforms) = postSolution
		{8EEAA634-4C2B-43B7-9E3C-59D6B35F110A}.Debug|Any CPU.ActiveCfg = Debug|Any CPU
		{8EEAA634-4C2B-43B7-9E3C-59D6B35F110A}.Debug|Any CPU.Build.0 = Debug|Any CPU
		{8EEAA634-4C2B-43B7-9E3C-59D6B35F110A}.Release|Any CPU.ActiveCfg = Release|Any CPU
		{8EEAA634-4C2B-43B7-9E3C-59D6B35F110A}.Release|Any CPU.Build.0 = Release|Any CPU
	EndGlobalSection
	GlobalSection(SolutionProperties) = preSolution
		HideSolutionNode = FALSE
	EndGlobalSection
	GlobalSection(ExtensibilityGlobals) = postSolution
		SolutionGuid = {31325B7C-7BC5-403E-8160-28E8F18C0153}
	EndGlobalSection
EndGlobal
